
Microsoft Visual Studio Solution File, Format Version 12.00
# Visual Studio Version 17
VisualStudioVersion = 17.4.33122.133
MinimumVisualStudioVersion = 10.0.40219.1
Project("{9A19103F-16F7-4668-BE54-9A1E7A4F7556}") = "CarAnalysis", "CarAnalysis\CarAnalysis.csproj", "{4F5A51C0-3325-4C61-A809-C5BEA071EB45}"
EndProject
Project("{2150E333-8FDC-42A3-9474-1A3956D46DE8}") = "BlogManagment", "BlogManagment", "{8F811510-E4FA-4B88-8FFF-65E2E87E179A}"
EndProject
Project("{2150E333-8FDC-42A3-9474-1A3956D46DE8}") = "BM.Application", "BM.Application", "{FAEE9F04-0961-4AEF-BF17-42A60A5B182E}"
EndProject
Project("{2150E333-8FDC-42A3-9474-1A3956D46DE8}") = "BM.Domain", "BM.Domain", "{FF686E67-AEB0-4577-86A8-E04A0688E8A1}"
EndProject
Project("{2150E333-8FDC-42A3-9474-1A3956D46DE8}") = "BM.Infrastracture", "BM.Infrastracture", "{EBA08B64-FE0B-4E64-8AEE-FF0E19230DDF}"
EndProject
Project("{9A19103F-16F7-4668-BE54-9A1E7A4F7556}") = "BlogManagment.Application", "BlogManagment.Application\BlogManagment.Application.csproj", "{F2991893-FF27-43D5-BBCE-E1BC33640F2F}"
EndProject
Project("{9A19103F-16F7-4668-BE54-9A1E7A4F7556}") = "BlogManagment.Application.Contracts", "BlogManagment.Application.Contracts\BlogManagment.Application.Contracts.csproj", "{09B3B168-142D-4196-957F-C37CB72AE705}"
EndProject
Project("{9A19103F-16F7-4668-BE54-9A1E7A4F7556}") = "BlogManagment.Domain", "BlogManagment.Domain\BlogManagment.Domain.csproj", "{143797CC-3780-4C12-BB68-501807B2F654}"
EndProject
Project("{9A19103F-16F7-4668-BE54-9A1E7A4F7556}") = "BlogManagment.Infrastracture.EFCore", "BlogManagment.Infrastracture.EFCore\BlogManagment.Infrastracture.EFCore.csproj", "{229F3DBD-906A-401B-B09F-31410601ED8E}"
EndProject
Project("{2150E333-8FDC-42A3-9474-1A3956D46DE8}") = "CarManagment", "CarManagment", "{D8DF3488-073E-4C6F-9253-D8D5E47FB77A}"
EndProject
Project("{2150E333-8FDC-42A3-9474-1A3956D46DE8}") = "CM.Application", "CM.Application", "{FBB8B0EB-E357-4A3F-9173-004B15DCFAD4}"
EndProject
Project("{2150E333-8FDC-42A3-9474-1A3956D46DE8}") = "CM.Domain", "CM.Domain", "{B9E6EE52-53DE-46CF-8B45-1DCE1949DED7}"
EndProject
Project("{2150E333-8FDC-42A3-9474-1A3956D46DE8}") = "CM.Infrastracture", "CM.Infrastracture", "{80B0E752-717C-45BA-AF49-CFD5DB11431A}"
EndProject
Project("{9A19103F-16F7-4668-BE54-9A1E7A4F7556}") = "CarManagment.Application.Contracts", "CarManagment.Application.Contracts\CarManagment.Application.Contracts.csproj", "{1E9BE77C-BFE4-4379-89DF-AC7BD67C88CA}"
EndProject
Project("{9A19103F-16F7-4668-BE54-9A1E7A4F7556}") = "CarManagment.Application", "CarManagment.Application\CarManagment.Application.csproj", "{7764EACE-B817-42C0-B6EF-E57CE6DFE5ED}"
EndProject
Project("{9A19103F-16F7-4668-BE54-9A1E7A4F7556}") = "CarManagment.Domain", "CarManagment.Domain\CarManagment.Domain.csproj", "{0D37983E-F7D6-451B-905B-DFDA641A68C2}"
EndProject
Project("{9A19103F-16F7-4668-BE54-9A1E7A4F7556}") = "CarManagment.Infrastracture.EFCore", "CarManagment.Infrastracture.EFCore\CarManagment.Infrastracture.EFCore.csproj", "{FC4245E2-DCD1-4A18-87FF-198ABBB8817E}"
EndProject
Project("{9A19103F-16F7-4668-BE54-9A1E7A4F7556}") = "0_Freamwork", "0_Freamwork\0_Freamwork.csproj", "{C3A7A095-D7BF-433A-A17D-C7FE0FFBBBC8}"
EndProject
Project("{9A19103F-16F7-4668-BE54-9A1E7A4F7556}") = "BlogManagment.Infrastracture.Configuration", "BlogManagment.Infrastracture.Configuration\BlogManagment.Infrastracture.Configuration.csproj", "{78963104-298B-4FBC-B077-88B65A39F0F6}"
EndProject
Project("{9A19103F-16F7-4668-BE54-9A1E7A4F7556}") = "01_CarAnalysisQuery", "01_CarAnalysisQuery\01_CarAnalysisQuery.csproj", "{F6540BA5-4134-4C26-87F0-54CEFEC67060}"
EndProject
Project("{9A19103F-16F7-4668-BE54-9A1E7A4F7556}") = "CarManagment.Infrastracture.Configuration", "CarManagment.Infrastracture.Configuration\CarManagment.Infrastracture.Configuration.csproj", "{5CF00EEA-5475-4BA6-930E-CF6654849E02}"
EndProject
Project("{2150E333-8FDC-42A3-9474-1A3956D46DE8}") = "CommentManagment", "CommentManagment", "{4C8878E1-6437-4A6C-B97A-682A2AB94373}"
EndProject
Project("{2150E333-8FDC-42A3-9474-1A3956D46DE8}") = "CM.Application", "CM.Application", "{AF01ABF0-A26E-4A4E-83BF-4E0806489838}"
EndProject
Project("{2150E333-8FDC-42A3-9474-1A3956D46DE8}") = "CM.Domain", "CM.Domain", "{81090D65-9284-4A51-9C18-D7009DFCCF90}"
EndProject
Project("{2150E333-8FDC-42A3-9474-1A3956D46DE8}") = "CM.Infrastructure", "CM.Infrastructure", "{26A7BC74-47F1-4118-917C-34819F8DBC09}"
EndProject
Project("{FAE04EC0-301F-11D3-BF4B-00C04F79EFBC}") = "CommentManagment.Domain", "CommentManagment.Domain\CommentManagment.Domain.csproj", "{A99CE75C-4B6C-48FA-B32A-D46FA1ACAEB2}"
EndProject
Project("{FAE04EC0-301F-11D3-BF4B-00C04F79EFBC}") = "CommentManagement.Application", "CommentManagement.Application\CommentManagement.Application.csproj", "{99799D3F-A295-4264-B633-91F54C82F0EA}"
EndProject
Project("{FAE04EC0-301F-11D3-BF4B-00C04F79EFBC}") = "CommentManagement.Application.Contracts", "CommentManagement.Application.Contracts\CommentManagement.Application.Contracts.csproj", "{E1A07D6D-3492-4833-BE53-38F180BC18F7}"
EndProject
Project("{FAE04EC0-301F-11D3-BF4B-00C04F79EFBC}") = "CommentManagement.Infrastructure.Configuration", "CommentManagement.Infrastructure.Configuration\CommentManagement.Infrastructure.Configuration.csproj", "{55CC0736-73CE-4BDD-8DCD-B9F7DB01E7EF}"
EndProject
Project("{FAE04EC0-301F-11D3-BF4B-00C04F79EFBC}") = "CommentManagement.Infrastructure.EFCore", "CommentManagement.Infrastructure.EFCore\CommentManagement.Infrastructure.EFCore.csproj", "{81BC8721-832E-4C45-963C-597FF1DC146A}"
EndProject
Global
	GlobalSection(SolutionConfigurationPlatforms) = preSolution
		Debug|Any CPU = Debug|Any CPU
		Release|Any CPU = Release|Any CPU
	EndGlobalSection
	GlobalSection(ProjectConfigurationPlatforms) = postSolution
		{4F5A51C0-3325-4C61-A809-C5BEA071EB45}.Debug|Any CPU.ActiveCfg = Debug|Any CPU
		{4F5A51C0-3325-4C61-A809-C5BEA071EB45}.Debug|Any CPU.Build.0 = Debug|Any CPU
		{4F5A51C0-3325-4C61-A809-C5BEA071EB45}.Release|Any CPU.ActiveCfg = Release|Any CPU
		{4F5A51C0-3325-4C61-A809-C5BEA071EB45}.Release|Any CPU.Build.0 = Release|Any CPU
		{F2991893-FF27-43D5-BBCE-E1BC33640F2F}.Debug|Any CPU.ActiveCfg = Debug|Any CPU
		{F2991893-FF27-43D5-BBCE-E1BC33640F2F}.Debug|Any CPU.Build.0 = Debug|Any CPU
		{F2991893-FF27-43D5-BBCE-E1BC33640F2F}.Release|Any CPU.ActiveCfg = Release|Any CPU
		{F2991893-FF27-43D5-BBCE-E1BC33640F2F}.Release|Any CPU.Build.0 = Release|Any CPU
		{09B3B168-142D-4196-957F-C37CB72AE705}.Debug|Any CPU.ActiveCfg = Debug|Any CPU
		{09B3B168-142D-4196-957F-C37CB72AE705}.Debug|Any CPU.Build.0 = Debug|Any CPU
		{09B3B168-142D-4196-957F-C37CB72AE705}.Release|Any CPU.ActiveCfg = Release|Any CPU
		{09B3B168-142D-4196-957F-C37CB72AE705}.Release|Any CPU.Build.0 = Release|Any CPU
		{143797CC-3780-4C12-BB68-501807B2F654}.Debug|Any CPU.ActiveCfg = Debug|Any CPU
		{143797CC-3780-4C12-BB68-501807B2F654}.Debug|Any CPU.Build.0 = Debug|Any CPU
		{143797CC-3780-4C12-BB68-501807B2F654}.Release|Any CPU.ActiveCfg = Release|Any CPU
		{143797CC-3780-4C12-BB68-501807B2F654}.Release|Any CPU.Build.0 = Release|Any CPU
		{229F3DBD-906A-401B-B09F-31410601ED8E}.Debug|Any CPU.ActiveCfg = Debug|Any CPU
		{229F3DBD-906A-401B-B09F-31410601ED8E}.Debug|Any CPU.Build.0 = Debug|Any CPU
		{229F3DBD-906A-401B-B09F-31410601ED8E}.Release|Any CPU.ActiveCfg = Release|Any CPU
		{229F3DBD-906A-401B-B09F-31410601ED8E}.Release|Any CPU.Build.0 = Release|Any CPU
		{1E9BE77C-BFE4-4379-89DF-AC7BD67C88CA}.Debug|Any CPU.ActiveCfg = Debug|Any CPU
		{1E9BE77C-BFE4-4379-89DF-AC7BD67C88CA}.Debug|Any CPU.Build.0 = Debug|Any CPU
		{1E9BE77C-BFE4-4379-89DF-AC7BD67C88CA}.Release|Any CPU.ActiveCfg = Release|Any CPU
		{1E9BE77C-BFE4-4379-89DF-AC7BD67C88CA}.Release|Any CPU.Build.0 = Release|Any CPU
		{7764EACE-B817-42C0-B6EF-E57CE6DFE5ED}.Debug|Any CPU.ActiveCfg = Debug|Any CPU
		{7764EACE-B817-42C0-B6EF-E57CE6DFE5ED}.Debug|Any CPU.Build.0 = Debug|Any CPU
		{7764EACE-B817-42C0-B6EF-E57CE6DFE5ED}.Release|Any CPU.ActiveCfg = Release|Any CPU
		{7764EACE-B817-42C0-B6EF-E57CE6DFE5ED}.Release|Any CPU.Build.0 = Release|Any CPU
		{0D37983E-F7D6-451B-905B-DFDA641A68C2}.Debug|Any CPU.ActiveCfg = Debug|Any CPU
		{0D37983E-F7D6-451B-905B-DFDA641A68C2}.Debug|Any CPU.Build.0 = Debug|Any CPU
		{0D37983E-F7D6-451B-905B-DFDA641A68C2}.Release|Any CPU.ActiveCfg = Release|Any CPU
		{0D37983E-F7D6-451B-905B-DFDA641A68C2}.Release|Any CPU.Build.0 = Release|Any CPU
		{FC4245E2-DCD1-4A18-87FF-198ABBB8817E}.Debug|Any CPU.ActiveCfg = Debug|Any CPU
		{FC4245E2-DCD1-4A18-87FF-198ABBB8817E}.Debug|Any CPU.Build.0 = Debug|Any CPU
		{FC4245E2-DCD1-4A18-87FF-198ABBB8817E}.Release|Any CPU.ActiveCfg = Release|Any CPU
		{FC4245E2-DCD1-4A18-87FF-198ABBB8817E}.Release|Any CPU.Build.0 = Release|Any CPU
		{C3A7A095-D7BF-433A-A17D-C7FE0FFBBBC8}.Debug|Any CPU.ActiveCfg = Debug|Any CPU
		{C3A7A095-D7BF-433A-A17D-C7FE0FFBBBC8}.Debug|Any CPU.Build.0 = Debug|Any CPU
		{C3A7A095-D7BF-433A-A17D-C7FE0FFBBBC8}.Release|Any CPU.ActiveCfg = Release|Any CPU
		{C3A7A095-D7BF-433A-A17D-C7FE0FFBBBC8}.Release|Any CPU.Build.0 = Release|Any CPU
		{78963104-298B-4FBC-B077-88B65A39F0F6}.Debug|Any CPU.ActiveCfg = Debug|Any CPU
		{78963104-298B-4FBC-B077-88B65A39F0F6}.Debug|Any CPU.Build.0 = Debug|Any CPU
		{78963104-298B-4FBC-B077-88B65A39F0F6}.Release|Any CPU.ActiveCfg = Release|Any CPU
		{78963104-298B-4FBC-B077-88B65A39F0F6}.Release|Any CPU.Build.0 = Release|Any CPU
		{F6540BA5-4134-4C26-87F0-54CEFEC67060}.Debug|Any CPU.ActiveCfg = Debug|Any CPU
		{F6540BA5-4134-4C26-87F0-54CEFEC67060}.Debug|Any CPU.Build.0 = Debug|Any CPU
		{F6540BA5-4134-4C26-87F0-54CEFEC67060}.Release|Any CPU.ActiveCfg = Release|Any CPU
		{F6540BA5-4134-4C26-87F0-54CEFEC67060}.Release|Any CPU.Build.0 = Release|Any CPU
		{5CF00EEA-5475-4BA6-930E-CF6654849E02}.Debug|Any CPU.ActiveCfg = Debug|Any CPU
		{5CF00EEA-5475-4BA6-930E-CF6654849E02}.Debug|Any CPU.Build.0 = Debug|Any CPU
		{5CF00EEA-5475-4BA6-930E-CF6654849E02}.Release|Any CPU.ActiveCfg = Release|Any CPU
		{5CF00EEA-5475-4BA6-930E-CF6654849E02}.Release|Any CPU.Build.0 = Release|Any CPU
		{A99CE75C-4B6C-48FA-B32A-D46FA1ACAEB2}.Debug|Any CPU.ActiveCfg = Debug|Any CPU
		{A99CE75C-4B6C-48FA-B32A-D46FA1ACAEB2}.Debug|Any CPU.Build.0 = Debug|Any CPU
		{A99CE75C-4B6C-48FA-B32A-D46FA1ACAEB2}.Release|Any CPU.ActiveCfg = Release|Any CPU
		{A99CE75C-4B6C-48FA-B32A-D46FA1ACAEB2}.Release|Any CPU.Build.0 = Release|Any CPU
		{99799D3F-A295-4264-B633-91F54C82F0EA}.Debug|Any CPU.ActiveCfg = Debug|Any CPU
		{99799D3F-A295-4264-B633-91F54C82F0EA}.Debug|Any CPU.Build.0 = Debug|Any CPU
		{99799D3F-A295-4264-B633-91F54C82F0EA}.Release|Any CPU.ActiveCfg = Release|Any CPU
		{99799D3F-A295-4264-B633-91F54C82F0EA}.Release|Any CPU.Build.0 = Release|Any CPU
		{E1A07D6D-3492-4833-BE53-38F180BC18F7}.Debug|Any CPU.ActiveCfg = Debug|Any CPU
		{E1A07D6D-3492-4833-BE53-38F180BC18F7}.Debug|Any CPU.Build.0 = Debug|Any CPU
		{E1A07D6D-3492-4833-BE53-38F180BC18F7}.Release|Any CPU.ActiveCfg = Release|Any CPU
		{E1A07D6D-3492-4833-BE53-38F180BC18F7}.Release|Any CPU.Build.0 = Release|Any CPU
		{55CC0736-73CE-4BDD-8DCD-B9F7DB01E7EF}.Debug|Any CPU.ActiveCfg = Debug|Any CPU
		{55CC0736-73CE-4BDD-8DCD-B9F7DB01E7EF}.Debug|Any CPU.Build.0 = Debug|Any CPU
		{55CC0736-73CE-4BDD-8DCD-B9F7DB01E7EF}.Release|Any CPU.ActiveCfg = Release|Any CPU
		{55CC0736-73CE-4BDD-8DCD-B9F7DB01E7EF}.Release|Any CPU.Build.0 = Release|Any CPU
		{81BC8721-832E-4C45-963C-597FF1DC146A}.Debug|Any CPU.ActiveCfg = Debug|Any CPU
		{81BC8721-832E-4C45-963C-597FF1DC146A}.Debug|Any CPU.Build.0 = Debug|Any CPU
		{81BC8721-832E-4C45-963C-597FF1DC146A}.Release|Any CPU.ActiveCfg = Release|Any CPU
		{81BC8721-832E-4C45-963C-597FF1DC146A}.Release|Any CPU.Build.0 = Release|Any CPU
	EndGlobalSection
	GlobalSection(SolutionProperties) = preSolution
		HideSolutionNode = FALSE
	EndGlobalSection
	GlobalSection(NestedProjects) = preSolution
		{FAEE9F04-0961-4AEF-BF17-42A60A5B182E} = {8F811510-E4FA-4B88-8FFF-65E2E87E179A}
		{FF686E67-AEB0-4577-86A8-E04A0688E8A1} = {8F811510-E4FA-4B88-8FFF-65E2E87E179A}
		{EBA08B64-FE0B-4E64-8AEE-FF0E19230DDF} = {8F811510-E4FA-4B88-8FFF-65E2E87E179A}
		{F2991893-FF27-43D5-BBCE-E1BC33640F2F} = {FAEE9F04-0961-4AEF-BF17-42A60A5B182E}
		{09B3B168-142D-4196-957F-C37CB72AE705} = {FAEE9F04-0961-4AEF-BF17-42A60A5B182E}
		{143797CC-3780-4C12-BB68-501807B2F654} = {FF686E67-AEB0-4577-86A8-E04A0688E8A1}
		{229F3DBD-906A-401B-B09F-31410601ED8E} = {EBA08B64-FE0B-4E64-8AEE-FF0E19230DDF}
		{FBB8B0EB-E357-4A3F-9173-004B15DCFAD4} = {D8DF3488-073E-4C6F-9253-D8D5E47FB77A}
		{B9E6EE52-53DE-46CF-8B45-1DCE1949DED7} = {D8DF3488-073E-4C6F-9253-D8D5E47FB77A}
		{80B0E752-717C-45BA-AF49-CFD5DB11431A} = {D8DF3488-073E-4C6F-9253-D8D5E47FB77A}
		{1E9BE77C-BFE4-4379-89DF-AC7BD67C88CA} = {FBB8B0EB-E357-4A3F-9173-004B15DCFAD4}
		{7764EACE-B817-42C0-B6EF-E57CE6DFE5ED} = {FBB8B0EB-E357-4A3F-9173-004B15DCFAD4}
		{0D37983E-F7D6-451B-905B-DFDA641A68C2} = {B9E6EE52-53DE-46CF-8B45-1DCE1949DED7}
		{FC4245E2-DCD1-4A18-87FF-198ABBB8817E} = {80B0E752-717C-45BA-AF49-CFD5DB11431A}
		{78963104-298B-4FBC-B077-88B65A39F0F6} = {EBA08B64-FE0B-4E64-8AEE-FF0E19230DDF}
		{5CF00EEA-5475-4BA6-930E-CF6654849E02} = {80B0E752-717C-45BA-AF49-CFD5DB11431A}
		{AF01ABF0-A26E-4A4E-83BF-4E0806489838} = {4C8878E1-6437-4A6C-B97A-682A2AB94373}
		{81090D65-9284-4A51-9C18-D7009DFCCF90} = {4C8878E1-6437-4A6C-B97A-682A2AB94373}
		{26A7BC74-47F1-4118-917C-34819F8DBC09} = {4C8878E1-6437-4A6C-B97A-682A2AB94373}
		{A99CE75C-4B6C-48FA-B32A-D46FA1ACAEB2} = {81090D65-9284-4A51-9C18-D7009DFCCF90}
		{99799D3F-A295-4264-B633-91F54C82F0EA} = {AF01ABF0-A26E-4A4E-83BF-4E0806489838}
		{E1A07D6D-3492-4833-BE53-38F180BC18F7} = {AF01ABF0-A26E-4A4E-83BF-4E0806489838}
		{55CC0736-73CE-4BDD-8DCD-B9F7DB01E7EF} = {26A7BC74-47F1-4118-917C-34819F8DBC09}
		{81BC8721-832E-4C45-963C-597FF1DC146A} = {26A7BC74-47F1-4118-917C-34819F8DBC09}
	EndGlobalSection
	GlobalSection(ExtensibilityGlobals) = postSolution
		SolutionGuid = {0D808EEF-3DBD-469E-92D8-AB4C6C99F46F}
	EndGlobalSection
EndGlobal
